
Microsoft Visual Studio Solution File, Format Version 12.00
# Visual Studio Version 16
VisualStudioVersion = 16.0.31402.337
MinimumVisualStudioVersion = 10.0.40219.1
Project("{9A19103F-16F7-4668-BE54-9A1E7A4F7556}") = "Avanade.SubTCSE.Projeto.Api", "Avanade.SubTCSE.Projeto.Api\Avanade.SubTCSE.Projeto.Api.csproj", "{7763B365-AC2E-4ADA-AE08-7A567506AC06}"
EndProject
Project("{2150E333-8FDC-42A3-9474-1A3956D46DE8}") = "0-AppService", "0-AppService", "{FB632CF8-DBDF-47A4-A4E7-D23639154741}"
EndProject
Project("{2150E333-8FDC-42A3-9474-1A3956D46DE8}") = "1-Application", "1-Application", "{95F8A844-E78A-4635-9ED6-3B41384505A3}"
EndProject
Project("{2150E333-8FDC-42A3-9474-1A3956D46DE8}") = "2-Domain", "2-Domain", "{CFCADBA7-FD99-4A12-BB48-22077B6CE729}"
EndProject
Project("{2150E333-8FDC-42A3-9474-1A3956D46DE8}") = "3-Infra", "3-Infra", "{93FA7942-22EB-4361-A874-A2B436200E21}"
EndProject
Project("{2150E333-8FDC-42A3-9474-1A3956D46DE8}") = "4-Test", "4-Test", "{0CFDC10E-FD5D-4764-8FAE-78082C95FB82}"
EndProject
Project("{2150E333-8FDC-42A3-9474-1A3956D46DE8}") = "3.1-CrossCutting", "3.1-CrossCutting", "{447F472E-8C83-4332-9224-24CFDC2E4581}"
EndProject
Project("{2150E333-8FDC-42A3-9474-1A3956D46DE8}") = "3.2-Data", "3.2-Data", "{2812CE35-CCD2-4347-A807-49A6ECFAB635}"
EndProject
Project("{9A19103F-16F7-4668-BE54-9A1E7A4F7556}") = "Avanade.SubTCSE.Projeto.Application", "Avanade.SubTCSE.Projeto.Application\Avanade.SubTCSE.Projeto.Application.csproj", "{BF191D50-88DD-45CE-A1A5-72CB7AD9D4F8}"
EndProject
Project("{9A19103F-16F7-4668-BE54-9A1E7A4F7556}") = "Avanade.SubTCSE.Projeto.Domain", "Avanade.SubTCSE.Projeto.Domain\Avanade.SubTCSE.Projeto.Domain.csproj", "{A40432AD-A13E-4249-A179-E31FE91BCB37}"
EndProject
Project("{9A19103F-16F7-4668-BE54-9A1E7A4F7556}") = "Avanade.SubTCSE.Projeto.CrossCutting", "Avanade.SubTCSE.Projeto.CrossCutting\Avanade.SubTCSE.Projeto.CrossCutting.csproj", "{60D84053-EB75-46F8-A8E4-44AAB66CA8C2}"
EndProject
Project("{9A19103F-16F7-4668-BE54-9A1E7A4F7556}") = "Avanade.SubTCSE.Projeto.Data", "Avanade.SubTCSE.Projeto.Data\Avanade.SubTCSE.Projeto.Data.csproj", "{3C67282D-AC39-4521-BFE7-5A23FBEFE50D}"
EndProject
Global
	GlobalSection(SolutionConfigurationPlatforms) = preSolution
		Debug|Any CPU = Debug|Any CPU
		Release|Any CPU = Release|Any CPU
	EndGlobalSection
	GlobalSection(ProjectConfigurationPlatforms) = postSolution
		{7763B365-AC2E-4ADA-AE08-7A567506AC06}.Debug|Any CPU.ActiveCfg = Debug|Any CPU
		{7763B365-AC2E-4ADA-AE08-7A567506AC06}.Debug|Any CPU.Build.0 = Debug|Any CPU
		{7763B365-AC2E-4ADA-AE08-7A567506AC06}.Release|Any CPU.ActiveCfg = Release|Any CPU
		{7763B365-AC2E-4ADA-AE08-7A567506AC06}.Release|Any CPU.Build.0 = Release|Any CPU
		{BF191D50-88DD-45CE-A1A5-72CB7AD9D4F8}.Debug|Any CPU.ActiveCfg = Debug|Any CPU
		{BF191D50-88DD-45CE-A1A5-72CB7AD9D4F8}.Debug|Any CPU.Build.0 = Debug|Any CPU
		{BF191D50-88DD-45CE-A1A5-72CB7AD9D4F8}.Release|Any CPU.ActiveCfg = Release|Any CPU
		{BF191D50-88DD-45CE-A1A5-72CB7AD9D4F8}.Release|Any CPU.Build.0 = Release|Any CPU
		{A40432AD-A13E-4249-A179-E31FE91BCB37}.Debug|Any CPU.ActiveCfg = Debug|Any CPU
		{A40432AD-A13E-4249-A179-E31FE91BCB37}.Debug|Any CPU.Build.0 = Debug|Any CPU
		{A40432AD-A13E-4249-A179-E31FE91BCB37}.Release|Any CPU.ActiveCfg = Release|Any CPU
		{A40432AD-A13E-4249-A179-E31FE91BCB37}.Release|Any CPU.Build.0 = Release|Any CPU
		{60D84053-EB75-46F8-A8E4-44AAB66CA8C2}.Debug|Any CPU.ActiveCfg = Debug|Any CPU
		{60D84053-EB75-46F8-A8E4-44AAB66CA8C2}.Debug|Any CPU.Build.0 = Debug|Any CPU
		{60D84053-EB75-46F8-A8E4-44AAB66CA8C2}.Release|Any CPU.ActiveCfg = Release|Any CPU
		{60D84053-EB75-46F8-A8E4-44AAB66CA8C2}.Release|Any CPU.Build.0 = Release|Any CPU
		{3C67282D-AC39-4521-BFE7-5A23FBEFE50D}.Debug|Any CPU.ActiveCfg = Debug|Any CPU
		{3C67282D-AC39-4521-BFE7-5A23FBEFE50D}.Debug|Any CPU.Build.0 = Debug|Any CPU
		{3C67282D-AC39-4521-BFE7-5A23FBEFE50D}.Release|Any CPU.ActiveCfg = Release|Any CPU
		{3C67282D-AC39-4521-BFE7-5A23FBEFE50D}.Release|Any CPU.Build.0 = Release|Any CPU
	EndGlobalSection
	GlobalSection(SolutionProperties) = preSolution
		HideSolutionNode = FALSE
	EndGlobalSection
	GlobalSection(NestedProjects) = preSolution
		{7763B365-AC2E-4ADA-AE08-7A567506AC06} = {FB632CF8-DBDF-47A4-A4E7-D23639154741}
		{447F472E-8C83-4332-9224-24CFDC2E4581} = {93FA7942-22EB-4361-A874-A2B436200E21}
		{2812CE35-CCD2-4347-A807-49A6ECFAB635} = {93FA7942-22EB-4361-A874-A2B436200E21}
		{BF191D50-88DD-45CE-A1A5-72CB7AD9D4F8} = {95F8A844-E78A-4635-9ED6-3B41384505A3}
		{A40432AD-A13E-4249-A179-E31FE91BCB37} = {CFCADBA7-FD99-4A12-BB48-22077B6CE729}
		{60D84053-EB75-46F8-A8E4-44AAB66CA8C2} = {447F472E-8C83-4332-9224-24CFDC2E4581}
		{3C67282D-AC39-4521-BFE7-5A23FBEFE50D} = {2812CE35-CCD2-4347-A807-49A6ECFAB635}
	EndGlobalSection
	GlobalSection(ExtensibilityGlobals) = postSolution
		SolutionGuid = {D334ACA7-218A-4A7E-A92A-2113341B65F7}
	EndGlobalSection
EndGlobal
